
Microsoft Visual Studio Solution File, Format Version 12.00
# Visual Studio Version 17
VisualStudioVersion = 17.13.35931.197
MinimumVisualStudioVersion = 10.0.40219.1
Project("{FAE04EC0-301F-11D3-BF4B-00C04F79EFBC}") = "Library.API", "Library.API\Library.API.csproj", "{656F1ED5-D307-4C15-80C1-DF20B7808221}"
EndProject
Project("{FAE04EC0-301F-11D3-BF4B-00C04F79EFBC}") = "Library.Client.WinForms", "..\..\Library.Client.WinForms\Library.Client.WinForms.csproj", "{924F656A-8076-4B01-87CB-CA304DBC00DF}"
EndProject
Global
	GlobalSection(SolutionConfigurationPlatforms) = preSolution
		Debug|Any CPU = Debug|Any CPU
		Release|Any CPU = Release|Any CPU
	EndGlobalSection
	GlobalSection(ProjectConfigurationPlatforms) = postSolution
		{656F1ED5-D307-4C15-80C1-DF20B7808221}.Debug|Any CPU.ActiveCfg = Debug|Any CPU
		{656F1ED5-D307-4C15-80C1-DF20B7808221}.Debug|Any CPU.Build.0 = Debug|Any CPU
		{656F1ED5-D307-4C15-80C1-DF20B7808221}.Release|Any CPU.ActiveCfg = Release|Any CPU
		{656F1ED5-D307-4C15-80C1-DF20B7808221}.Release|Any CPU.Build.0 = Release|Any CPU
		{924F656A-8076-4B01-87CB-CA304DBC00DF}.Debug|Any CPU.ActiveCfg = Debug|Any CPU
		{924F656A-8076-4B01-87CB-CA304DBC00DF}.Debug|Any CPU.Build.0 = Debug|Any CPU
		{924F656A-8076-4B01-87CB-CA304DBC00DF}.Release|Any CPU.ActiveCfg = Release|Any CPU
		{924F656A-8076-4B01-87CB-CA304DBC00DF}.Release|Any CPU.Build.0 = Release|Any CPU
	EndGlobalSection
	GlobalSection(SolutionProperties) = preSolution
		HideSolutionNode = FALSE
	EndGlobalSection
	GlobalSection(ExtensibilityGlobals) = postSolution
		SolutionGuid = {72E6F44D-C96D-4F50-989C-E86CDA9890B0}
	EndGlobalSection
EndGlobal
